// !$*UTF8*$!
{
	archiveVersion = 1;
	classes = {
	};
	objectVersion = 50;
	objects = {

/* Begin PBXBuildFile section */
		4A258BF5264DCBD70061D932 /* ProfileViewController + UIImagePickerControllerDelegate + UINavigationControllerDelegate.swift in Sources */ = {isa = PBXBuildFile; fileRef = 4A258BF4264DCBD70061D932 /* ProfileViewController + UIImagePickerControllerDelegate + UINavigationControllerDelegate.swift */; };
		4A860FDC26434B5100F7DDA2 /* AppDelegate.swift in Sources */ = {isa = PBXBuildFile; fileRef = 4A860FDB26434B5100F7DDA2 /* AppDelegate.swift */; };
		4A860FDE26434B5100F7DDA2 /* SceneDelegate.swift in Sources */ = {isa = PBXBuildFile; fileRef = 4A860FDD26434B5100F7DDA2 /* SceneDelegate.swift */; };
		4A860FE326434B5100F7DDA2 /* Main.storyboard in Resources */ = {isa = PBXBuildFile; fileRef = 4A860FE126434B5100F7DDA2 /* Main.storyboard */; };
		4A860FE526434B5300F7DDA2 /* Assets.xcassets in Resources */ = {isa = PBXBuildFile; fileRef = 4A860FE426434B5300F7DDA2 /* Assets.xcassets */; };
		4A860FE826434B5300F7DDA2 /* LaunchScreen.storyboard in Resources */ = {isa = PBXBuildFile; fileRef = 4A860FE626434B5300F7DDA2 /* LaunchScreen.storyboard */; };
		4A9DD97C2649B3BB00CAA790 /* ProfileViewController.swift in Sources */ = {isa = PBXBuildFile; fileRef = 4A9DD97B2649B3BB00CAA790 /* ProfileViewController.swift */; };
		5D09A64DFA02B65F75819787 /* Pods_The_Chat.framework in Frameworks */ = {isa = PBXBuildFile; fileRef = D46F5643A6747483ED890724 /* Pods_The_Chat.framework */; };
/* End PBXBuildFile section */

/* Begin PBXFileReference section */
		4A258BF4264DCBD70061D932 /* ProfileViewController + UIImagePickerControllerDelegate + UINavigationControllerDelegate.swift */ = {isa = PBXFileReference; lastKnownFileType = sourcecode.swift; path = "ProfileViewController + UIImagePickerControllerDelegate + UINavigationControllerDelegate.swift"; sourceTree = "<group>"; };
		4A860FD826434B5100F7DDA2 /* The Chat.app */ = {isa = PBXFileReference; explicitFileType = wrapper.application; includeInIndex = 0; path = "The Chat.app"; sourceTree = BUILT_PRODUCTS_DIR; };
		4A860FDB26434B5100F7DDA2 /* AppDelegate.swift */ = {isa = PBXFileReference; lastKnownFileType = sourcecode.swift; path = AppDelegate.swift; sourceTree = "<group>"; };
		4A860FDD26434B5100F7DDA2 /* SceneDelegate.swift */ = {isa = PBXFileReference; lastKnownFileType = sourcecode.swift; path = SceneDelegate.swift; sourceTree = "<group>"; };
		4A860FE226434B5100F7DDA2 /* Base */ = {isa = PBXFileReference; lastKnownFileType = file.storyboard; name = Base; path = Base.lproj/Main.storyboard; sourceTree = "<group>"; };
		4A860FE426434B5300F7DDA2 /* Assets.xcassets */ = {isa = PBXFileReference; lastKnownFileType = folder.assetcatalog; path = Assets.xcassets; sourceTree = "<group>"; };
		4A860FE726434B5300F7DDA2 /* Base */ = {isa = PBXFileReference; lastKnownFileType = file.storyboard; name = Base; path = Base.lproj/LaunchScreen.storyboard; sourceTree = "<group>"; };
		4A860FE926434B5300F7DDA2 /* Info.plist */ = {isa = PBXFileReference; lastKnownFileType = text.plist.xml; path = Info.plist; sourceTree = "<group>"; };
		4A9DD97B2649B3BB00CAA790 /* ProfileViewController.swift */ = {isa = PBXFileReference; lastKnownFileType = sourcecode.swift; path = ProfileViewController.swift; sourceTree = "<group>"; };
		63C220CE55F586E7E6868378 /* Pods-The Chat.debug.xcconfig */ = {isa = PBXFileReference; includeInIndex = 1; lastKnownFileType = text.xcconfig; name = "Pods-The Chat.debug.xcconfig"; path = "Target Support Files/Pods-The Chat/Pods-The Chat.debug.xcconfig"; sourceTree = "<group>"; };
		D44B8062F47A4BD7F09867F5 /* Pods-The Chat.release.xcconfig */ = {isa = PBXFileReference; includeInIndex = 1; lastKnownFileType = text.xcconfig; name = "Pods-The Chat.release.xcconfig"; path = "Target Support Files/Pods-The Chat/Pods-The Chat.release.xcconfig"; sourceTree = "<group>"; };
		D46F5643A6747483ED890724 /* Pods_The_Chat.framework */ = {isa = PBXFileReference; explicitFileType = wrapper.framework; includeInIndex = 0; path = Pods_The_Chat.framework; sourceTree = BUILT_PRODUCTS_DIR; };
/* End PBXFileReference section */

/* Begin PBXFrameworksBuildPhase section */
		4A860FD526434B5100F7DDA2 /* Frameworks */ = {
			isa = PBXFrameworksBuildPhase;
			buildActionMask = 2147483647;
			files = (
				5D09A64DFA02B65F75819787 /* Pods_The_Chat.framework in Frameworks */,
			);
			runOnlyForDeploymentPostprocessing = 0;
		};
/* End PBXFrameworksBuildPhase section */

/* Begin PBXGroup section */
		4A258BF2264DCBA00061D932 /* ProfileViewController */ = {
			isa = PBXGroup;
			children = (
				4A9DD97B2649B3BB00CAA790 /* ProfileViewController.swift */,
				4A258BF4264DCBD70061D932 /* ProfileViewController + UIImagePickerControllerDelegate + UINavigationControllerDelegate.swift */,
			);
			path = ProfileViewController;
			sourceTree = "<group>";
		};
		4A860FCF26434B5100F7DDA2 = {
			isa = PBXGroup;
			children = (
				4A860FDA26434B5100F7DDA2 /* The Chat */,
				4A860FD926434B5100F7DDA2 /* Products */,
				57A797F3FD73C7AA25681488 /* Pods */,
				CE76017E4C469A6C6F5FBDD5 /* Frameworks */,
			);
			sourceTree = "<group>";
		};
		4A860FD926434B5100F7DDA2 /* Products */ = {
			isa = PBXGroup;
			children = (
				4A860FD826434B5100F7DDA2 /* The Chat.app */,
			);
			name = Products;
			sourceTree = "<group>";
		};
		4A860FDA26434B5100F7DDA2 /* The Chat */ = {
			isa = PBXGroup;
			children = (
				4AADDCFE2643537D00B3BC13 /* Supporting Files */,
				4AADDD002643538800B3BC13 /* Controllers */,
				4AADDD022643539400B3BC13 /* View */,
				4AADDD032643539D00B3BC13 /* Resources */,
			);
			path = "The Chat";
			sourceTree = "<group>";
		};
		4AADDCFE2643537D00B3BC13 /* Supporting Files */ = {
			isa = PBXGroup;
			children = (
				4A860FDB26434B5100F7DDA2 /* AppDelegate.swift */,
				4A860FDD26434B5100F7DDA2 /* SceneDelegate.swift */,
			);
			path = "Supporting Files";
			sourceTree = "<group>";
		};
		4AADDD002643538800B3BC13 /* Controllers */ = {
			isa = PBXGroup;
			children = (
				4A258BF2264DCBA00061D932 /* ProfileViewController */,
			);
			path = Controllers;
			sourceTree = "<group>";
		};
		4AADDD022643539400B3BC13 /* View */ = {
			isa = PBXGroup;
			children = (
				4A860FE126434B5100F7DDA2 /* Main.storyboard */,
				4A860FE626434B5300F7DDA2 /* LaunchScreen.storyboard */,
			);
			path = View;
			sourceTree = "<group>";
		};
		4AADDD032643539D00B3BC13 /* Resources */ = {
			isa = PBXGroup;
			children = (
				4A860FE426434B5300F7DDA2 /* Assets.xcassets */,
				4A860FE926434B5300F7DDA2 /* Info.plist */,
			);
			path = Resources;
			sourceTree = "<group>";
		};
		57A797F3FD73C7AA25681488 /* Pods */ = {
			isa = PBXGroup;
			children = (
				63C220CE55F586E7E6868378 /* Pods-The Chat.debug.xcconfig */,
				D44B8062F47A4BD7F09867F5 /* Pods-The Chat.release.xcconfig */,
			);
			path = Pods;
			sourceTree = "<group>";
		};
		CE76017E4C469A6C6F5FBDD5 /* Frameworks */ = {
			isa = PBXGroup;
			children = (
				D46F5643A6747483ED890724 /* Pods_The_Chat.framework */,
			);
			name = Frameworks;
			sourceTree = "<group>";
		};
/* End PBXGroup section */

/* Begin PBXNativeTarget section */
		4A860FD726434B5100F7DDA2 /* The Chat */ = {
			isa = PBXNativeTarget;
			buildConfigurationList = 4A860FEC26434B5300F7DDA2 /* Build configuration list for PBXNativeTarget "The Chat" */;
			buildPhases = (
				4A0D66CE2644553C00980A5B /* ShellScript */,
				3A403C71534E9056DDCBFADD /* [CP] Check Pods Manifest.lock */,
				4A860FD426434B5100F7DDA2 /* Sources */,
				4A860FD526434B5100F7DDA2 /* Frameworks */,
				4A860FD626434B5100F7DDA2 /* Resources */,
			);
			buildRules = (
			);
			dependencies = (
			);
			name = "The Chat";
			productName = "The Chat";
			productReference = 4A860FD826434B5100F7DDA2 /* The Chat.app */;
			productType = "com.apple.product-type.application";
		};
/* End PBXNativeTarget section */

/* Begin PBXProject section */
		4A860FD026434B5100F7DDA2 /* Project object */ = {
			isa = PBXProject;
			attributes = {
				LastSwiftUpdateCheck = 1240;
				LastUpgradeCheck = 1240;
				TargetAttributes = {
					4A860FD726434B5100F7DDA2 = {
						CreatedOnToolsVersion = 12.4;
					};
				};
			};
			buildConfigurationList = 4A860FD326434B5100F7DDA2 /* Build configuration list for PBXProject "The Chat" */;
			compatibilityVersion = "Xcode 9.3";
			developmentRegion = en;
			hasScannedForEncodings = 0;
			knownRegions = (
				en,
				Base,
			);
			mainGroup = 4A860FCF26434B5100F7DDA2;
			productRefGroup = 4A860FD926434B5100F7DDA2 /* Products */;
			projectDirPath = "";
			projectRoot = "";
			targets = (
				4A860FD726434B5100F7DDA2 /* The Chat */,
			);
		};
/* End PBXProject section */

/* Begin PBXResourcesBuildPhase section */
		4A860FD626434B5100F7DDA2 /* Resources */ = {
			isa = PBXResourcesBuildPhase;
			buildActionMask = 2147483647;
			files = (
				4A860FE826434B5300F7DDA2 /* LaunchScreen.storyboard in Resources */,
				4A860FE526434B5300F7DDA2 /* Assets.xcassets in Resources */,
				4A860FE326434B5100F7DDA2 /* Main.storyboard in Resources */,
			);
			runOnlyForDeploymentPostprocessing = 0;
		};
/* End PBXResourcesBuildPhase section */

/* Begin PBXShellScriptBuildPhase section */
		3A403C71534E9056DDCBFADD /* [CP] Check Pods Manifest.lock */ = {
			isa = PBXShellScriptBuildPhase;
			buildActionMask = 2147483647;
			files = (
			);
			inputFileListPaths = (
			);
			inputPaths = (
				"${PODS_PODFILE_DIR_PATH}/Podfile.lock",
				"${PODS_ROOT}/Manifest.lock",
			);
			name = "[CP] Check Pods Manifest.lock";
			outputFileListPaths = (
			);
			outputPaths = (
				"$(DERIVED_FILE_DIR)/Pods-The Chat-checkManifestLockResult.txt",
			);
			runOnlyForDeploymentPostprocessing = 0;
			shellPath = /bin/sh;
			shellScript = "diff \"${PODS_PODFILE_DIR_PATH}/Podfile.lock\" \"${PODS_ROOT}/Manifest.lock\" > /dev/null\nif [ $? != 0 ] ; then\n    # print error to STDERR\n    echo \"error: The sandbox is not in sync with the Podfile.lock. Run 'pod install' or update your CocoaPods installation.\" >&2\n    exit 1\nfi\n# This output is used by Xcode 'outputs' to avoid re-running this script phase.\necho \"SUCCESS\" > \"${SCRIPT_OUTPUT_FILE_0}\"\n";
			showEnvVarsInLog = 0;
		};
		4A0D66CE2644553C00980A5B /* ShellScript */ = {
			isa = PBXShellScriptBuildPhase;
			buildActionMask = 12;
			files = (
			);
			inputFileListPaths = (
			);
			inputPaths = (
			);
			outputFileListPaths = (
			);
			outputPaths = (
			);
			runOnlyForDeploymentPostprocessing = 0;
			shellPath = /bin/sh;
			shellScript = "\"${PODS_ROOT}/SwiftLint/swiftlint\"\n";
		};
/* End PBXShellScriptBuildPhase section */

/* Begin PBXSourcesBuildPhase section */
		4A860FD426434B5100F7DDA2 /* Sources */ = {
			isa = PBXSourcesBuildPhase;
			buildActionMask = 2147483647;
			files = (
				4A860FDC26434B5100F7DDA2 /* AppDelegate.swift in Sources */,
				4A9DD97C2649B3BB00CAA790 /* ProfileViewController.swift in Sources */,
				4A258BF5264DCBD70061D932 /* ProfileViewController + UIImagePickerControllerDelegate + UINavigationControllerDelegate.swift in Sources */,
				4A860FDE26434B5100F7DDA2 /* SceneDelegate.swift in Sources */,
			);
			runOnlyForDeploymentPostprocessing = 0;
		};
/* End PBXSourcesBuildPhase section */

/* Begin PBXVariantGroup section */
		4A860FE126434B5100F7DDA2 /* Main.storyboard */ = {
			isa = PBXVariantGroup;
			children = (
				4A860FE226434B5100F7DDA2 /* Base */,
			);
			name = Main.storyboard;
			sourceTree = "<group>";
		};
		4A860FE626434B5300F7DDA2 /* LaunchScreen.storyboard */ = {
			isa = PBXVariantGroup;
			children = (
				4A860FE726434B5300F7DDA2 /* Base */,
			);
			name = LaunchScreen.storyboard;
			sourceTree = "<group>";
		};
/* End PBXVariantGroup section */

/* Begin XCBuildConfiguration section */
		4A860FEA26434B5300F7DDA2 /* Debug */ = {
			isa = XCBuildConfiguration;
			buildSettings = {
				ALWAYS_SEARCH_USER_PATHS = NO;
				CLANG_ANALYZER_NONNULL = YES;
				CLANG_ANALYZER_NUMBER_OBJECT_CONVERSION = YES_AGGRESSIVE;
				CLANG_CXX_LANGUAGE_STANDARD = "gnu++14";
				CLANG_CXX_LIBRARY = "libc++";
				CLANG_ENABLE_MODULES = YES;
				CLANG_ENABLE_OBJC_ARC = YES;
				CLANG_ENABLE_OBJC_WEAK = YES;
				CLANG_WARN_BLOCK_CAPTURE_AUTORELEASING = YES;
				CLANG_WARN_BOOL_CONVERSION = YES;
				CLANG_WARN_COMMA = YES;
				CLANG_WARN_CONSTANT_CONVERSION = YES;
				CLANG_WARN_DEPRECATED_OBJC_IMPLEMENTATIONS = YES;
				CLANG_WARN_DIRECT_OBJC_ISA_USAGE = YES_ERROR;
				CLANG_WARN_DOCUMENTATION_COMMENTS = YES;
				CLANG_WARN_EMPTY_BODY = YES;
				CLANG_WARN_ENUM_CONVERSION = YES;
				CLANG_WARN_INFINITE_RECURSION = YES;
				CLANG_WARN_INT_CONVERSION = YES;
				CLANG_WARN_NON_LITERAL_NULL_CONVERSION = YES;
				CLANG_WARN_OBJC_IMPLICIT_RETAIN_SELF = YES;
				CLANG_WARN_OBJC_LITERAL_CONVERSION = YES;
				CLANG_WARN_OBJC_ROOT_CLASS = YES_ERROR;
				CLANG_WARN_QUOTED_INCLUDE_IN_FRAMEWORK_HEADER = YES;
				CLANG_WARN_RANGE_LOOP_ANALYSIS = YES;
				CLANG_WARN_STRICT_PROTOTYPES = YES;
				CLANG_WARN_SUSPICIOUS_MOVE = YES;
				CLANG_WARN_UNGUARDED_AVAILABILITY = YES_AGGRESSIVE;
				CLANG_WARN_UNREACHABLE_CODE = YES;
				CLANG_WARN__DUPLICATE_METHOD_MATCH = YES;
				COPY_PHASE_STRIP = NO;
				DEBUG_INFORMATION_FORMAT = dwarf;
				ENABLE_STRICT_OBJC_MSGSEND = YES;
				ENABLE_TESTABILITY = YES;
				GCC_C_LANGUAGE_STANDARD = gnu11;
				GCC_DYNAMIC_NO_PIC = NO;
				GCC_NO_COMMON_BLOCKS = YES;
				GCC_OPTIMIZATION_LEVEL = 0;
				GCC_PREPROCESSOR_DEFINITIONS = (
					"DEBUG=1",
					"$(inherited)",
				);
				GCC_WARN_64_TO_32_BIT_CONVERSION = YES;
				GCC_WARN_ABOUT_RETURN_TYPE = YES_ERROR;
				GCC_WARN_UNDECLARED_SELECTOR = YES;
				GCC_WARN_UNINITIALIZED_AUTOS = YES_AGGRESSIVE;
				GCC_WARN_UNUSED_FUNCTION = YES;
				GCC_WARN_UNUSED_VARIABLE = YES;
				IPHONEOS_DEPLOYMENT_TARGET = 12.0;
				MTL_ENABLE_DEBUG_INFO = INCLUDE_SOURCE;
				MTL_FAST_MATH = YES;
				ONLY_ACTIVE_ARCH = YES;
				SDKROOT = iphoneos;
				SWIFT_ACTIVE_COMPILATION_CONDITIONS = DEBUG;
				SWIFT_OPTIMIZATION_LEVEL = "-Onone";
			};
			name = Debug;
		};
		4A860FEB26434B5300F7DDA2 /* Release */ = {
			isa = XCBuildConfiguration;
			buildSettings = {
				ALWAYS_SEARCH_USER_PATHS = NO;
				CLANG_ANALYZER_NONNULL = YES;
				CLANG_ANALYZER_NUMBER_OBJECT_CONVERSION = YES_AGGRESSIVE;
				CLANG_CXX_LANGUAGE_STANDARD = "gnu++14";
				CLANG_CXX_LIBRARY = "libc++";
				CLANG_ENABLE_MODULES = YES;
				CLANG_ENABLE_OBJC_ARC = YES;
				CLANG_ENABLE_OBJC_WEAK = YES;
				CLANG_WARN_BLOCK_CAPTURE_AUTORELEASING = YES;
				CLANG_WARN_BOOL_CONVERSION = YES;
				CLANG_WARN_COMMA = YES;
				CLANG_WARN_CONSTANT_CONVERSION = YES;
				CLANG_WARN_DEPRECATED_OBJC_IMPLEMENTATIONS = YES;
				CLANG_WARN_DIRECT_OBJC_ISA_USAGE = YES_ERROR;
				CLANG_WARN_DOCUMENTATION_COMMENTS = YES;
				CLANG_WARN_EMPTY_BODY = YES;
				CLANG_WARN_ENUM_CONVERSION = YES;
				CLANG_WARN_INFINITE_RECURSION = YES;
				CLANG_WARN_INT_CONVERSION = YES;
				CLANG_WARN_NON_LITERAL_NULL_CONVERSION = YES;
				CLANG_WARN_OBJC_IMPLICIT_RETAIN_SELF = YES;
				CLANG_WARN_OBJC_LITERAL_CONVERSION = YES;
				CLANG_WARN_OBJC_ROOT_CLASS = YES_ERROR;
				CLANG_WARN_QUOTED_INCLUDE_IN_FRAMEWORK_HEADER = YES;
				CLANG_WARN_RANGE_LOOP_ANALYSIS = YES;
				CLANG_WARN_STRICT_PROTOTYPES = YES;
				CLANG_WARN_SUSPICIOUS_MOVE = YES;
				CLANG_WARN_UNGUARDED_AVAILABILITY = YES_AGGRESSIVE;
				CLANG_WARN_UNREACHABLE_CODE = YES;
				CLANG_WARN__DUPLICATE_METHOD_MATCH = YES;
				COPY_PHASE_STRIP = NO;
				DEBUG_INFORMATION_FORMAT = "dwarf-with-dsym";
				ENABLE_NS_ASSERTIONS = NO;
				ENABLE_STRICT_OBJC_MSGSEND = YES;
				GCC_C_LANGUAGE_STANDARD = gnu11;
				GCC_NO_COMMON_BLOCKS = YES;
				GCC_WARN_64_TO_32_BIT_CONVERSION = YES;
				GCC_WARN_ABOUT_RETURN_TYPE = YES_ERROR;
				GCC_WARN_UNDECLARED_SELECTOR = YES;
				GCC_WARN_UNINITIALIZED_AUTOS = YES_AGGRESSIVE;
				GCC_WARN_UNUSED_FUNCTION = YES;
				GCC_WARN_UNUSED_VARIABLE = YES;
				IPHONEOS_DEPLOYMENT_TARGET = 12.0;
				MTL_ENABLE_DEBUG_INFO = NO;
				MTL_FAST_MATH = YES;
				SDKROOT = iphoneos;
				SWIFT_COMPILATION_MODE = wholemodule;
				SWIFT_OPTIMIZATION_LEVEL = "-O";
				VALIDATE_PRODUCT = YES;
			};
			name = Release;
		};
		4A860FED26434B5300F7DDA2 /* Debug */ = {
			isa = XCBuildConfiguration;
			baseConfigurationReference = 63C220CE55F586E7E6868378 /* Pods-The Chat.debug.xcconfig */;
			buildSettings = {
				ASSETCATALOG_COMPILER_APPICON_NAME = AppIcon;
				ASSETCATALOG_COMPILER_GLOBAL_ACCENT_COLOR_NAME = AccentColor;
				CODE_SIGN_STYLE = Automatic;
				DEVELOPMENT_TEAM = N5DQ465SS7;
				INFOPLIST_FILE = "The Chat/Resources/Info.plist";
				LD_RUNPATH_SEARCH_PATHS = (
					"$(inherited)",
					"@executable_path/Frameworks",
				);
				PRODUCT_BUNDLE_IDENTIFIER = "Sergey-Gnatyuk.The-Chat";
				PRODUCT_NAME = "$(TARGET_NAME)";
				SWIFT_VERSION = 5.0;
				TARGETED_DEVICE_FAMILY = 1;
			};
			name = Debug;
		};
		4A860FEE26434B5300F7DDA2 /* Release */ = {
			isa = XCBuildConfiguration;
			baseConfigurationReference = D44B8062F47A4BD7F09867F5 /* Pods-The Chat.release.xcconfig */;
			buildSettings = {
				ASSETCATALOG_COMPILER_APPICON_NAME = AppIcon;
				ASSETCATALOG_COMPILER_GLOBAL_ACCENT_COLOR_NAME = AccentColor;
				CODE_SIGN_STYLE = Automatic;
				DEVELOPMENT_TEAM = N5DQ465SS7;
				INFOPLIST_FILE = "The Chat/Resources/Info.plist";
				LD_RUNPATH_SEARCH_PATHS = (
					"$(inherited)",
					"@executable_path/Frameworks",
				);
				PRODUCT_BUNDLE_IDENTIFIER = "Sergey-Gnatyuk.The-Chat";
				PRODUCT_NAME = "$(TARGET_NAME)";
				SWIFT_VERSION = 5.0;
				TARGETED_DEVICE_FAMILY = 1;
			};
			name = Release;
		};
/* End XCBuildConfiguration section */

/* Begin XCConfigurationList section */
		4A860FD326434B5100F7DDA2 /* Build configuration list for PBXProject "The Chat" */ = {
			isa = XCConfigurationList;
			buildConfigurations = (
				4A860FEA26434B5300F7DDA2 /* Debug */,
				4A860FEB26434B5300F7DDA2 /* Release */,
			);
			defaultConfigurationIsVisible = 0;
			defaultConfigurationName = Release;
		};
		4A860FEC26434B5300F7DDA2 /* Build configuration list for PBXNativeTarget "The Chat" */ = {
			isa = XCConfigurationList;
			buildConfigurations = (
				4A860FED26434B5300F7DDA2 /* Debug */,
				4A860FEE26434B5300F7DDA2 /* Release */,
			);
			defaultConfigurationIsVisible = 0;
			defaultConfigurationName = Release;
		};
/* End XCConfigurationList section */
	};
	rootObject = 4A860FD026434B5100F7DDA2 /* Project object */;
}
